
Microsoft Visual Studio Solution File, Format Version 12.00
# Visual Studio Version 16
VisualStudioVersion = 16.0.29905.134
MinimumVisualStudioVersion = 10.0.40219.1
Project("{FAE04EC0-301F-11D3-BF4B-00C04F79EFBC}") = "G5-Minesweeper", "G5-Minesweeper\G5-Minesweeper.csproj", "{3DCAD1B7-61B1-4AA1-81ED-55AA024758AD}"
EndProject
Global
	GlobalSection(SolutionConfigurationPlatforms) = preSolution
		Debug|Any CPU = Debug|Any CPU
		Release|Any CPU = Release|Any CPU
	EndGlobalSection
	GlobalSection(ProjectConfigurationPlatforms) = postSolution
		{3DCAD1B7-61B1-4AA1-81ED-55AA024758AD}.Debug|Any CPU.ActiveCfg = Debug|Any CPU
		{3DCAD1B7-61B1-4AA1-81ED-55AA024758AD}.Debug|Any CPU.Build.0 = Debug|Any CPU
		{3DCAD1B7-61B1-4AA1-81ED-55AA024758AD}.Release|Any CPU.ActiveCfg = Release|Any CPU
		{3DCAD1B7-61B1-4AA1-81ED-55AA024758AD}.Release|Any CPU.Build.0 = Release|Any CPU
	EndGlobalSection
	GlobalSection(SolutionProperties) = preSolution
		HideSolutionNode = FALSE
	EndGlobalSection
	GlobalSection(ExtensibilityGlobals) = postSolution
		SolutionGuid = {9C23A57C-3C01-4BDC-916D-6E0BB9394542}
	EndGlobalSection
EndGlobal
